
Microsoft Visual Studio Solution File, Format Version 12.00
# Visual Studio Version 17
VisualStudioVersion = 17.11.35222.181
MinimumVisualStudioVersion = 10.0.40219.1
Project("{FAE04EC0-301F-11D3-BF4B-00C04F79EFBC}") = "NumberToWordsSite", "NumberToWords\NumberToWordsSite.csproj", "{A8F332F2-7A84-419C-8681-A4F9A113E7F2}"
EndProject
Project("{FAE04EC0-301F-11D3-BF4B-00C04F79EFBC}") = "NumberToWordsLib", "NumberToWordsLib\NumberToWordsLib.csproj", "{88926CD1-5256-460D-B6FB-E4E4683C86AD}"
EndProject
Project("{FAE04EC0-301F-11D3-BF4B-00C04F79EFBC}") = "NumberToWordsLibTests", "NumberToWordsLibTests\NumberToWordsLibTests.csproj", "{9E4D13EF-259A-4057-B6C1-D18FD4F576BB}"
EndProject
Global
	GlobalSection(SolutionConfigurationPlatforms) = preSolution
		Debug|Any CPU = Debug|Any CPU
		Release|Any CPU = Release|Any CPU
	EndGlobalSection
	GlobalSection(ProjectConfigurationPlatforms) = postSolution
		{A8F332F2-7A84-419C-8681-A4F9A113E7F2}.Debug|Any CPU.ActiveCfg = Debug|Any CPU
		{A8F332F2-7A84-419C-8681-A4F9A113E7F2}.Debug|Any CPU.Build.0 = Debug|Any CPU
		{A8F332F2-7A84-419C-8681-A4F9A113E7F2}.Release|Any CPU.ActiveCfg = Release|Any CPU
		{A8F332F2-7A84-419C-8681-A4F9A113E7F2}.Release|Any CPU.Build.0 = Release|Any CPU
		{88926CD1-5256-460D-B6FB-E4E4683C86AD}.Debug|Any CPU.ActiveCfg = Debug|Any CPU
		{88926CD1-5256-460D-B6FB-E4E4683C86AD}.Debug|Any CPU.Build.0 = Debug|Any CPU
		{88926CD1-5256-460D-B6FB-E4E4683C86AD}.Release|Any CPU.ActiveCfg = Release|Any CPU
		{88926CD1-5256-460D-B6FB-E4E4683C86AD}.Release|Any CPU.Build.0 = Release|Any CPU
		{9E4D13EF-259A-4057-B6C1-D18FD4F576BB}.Debug|Any CPU.ActiveCfg = Debug|Any CPU
		{9E4D13EF-259A-4057-B6C1-D18FD4F576BB}.Debug|Any CPU.Build.0 = Debug|Any CPU
		{9E4D13EF-259A-4057-B6C1-D18FD4F576BB}.Release|Any CPU.ActiveCfg = Release|Any CPU
		{9E4D13EF-259A-4057-B6C1-D18FD4F576BB}.Release|Any CPU.Build.0 = Release|Any CPU
	EndGlobalSection
	GlobalSection(SolutionProperties) = preSolution
		HideSolutionNode = FALSE
	EndGlobalSection
	GlobalSection(ExtensibilityGlobals) = postSolution
		SolutionGuid = {DD431782-86AF-40A2-A151-350A733A72C5}
	EndGlobalSection
EndGlobal
